
Microsoft Visual Studio Solution File, Format Version 12.00
# Visual Studio 15
VisualStudioVersion = 15.0.28307.136
MinimumVisualStudioVersion = 10.0.40219.1
Project("{888888A0-9F3D-457C-B088-3A5042F75D52}") = "CoOpBot", "CoOpBot\CoOpBot.pyproj", "{09210465-4FFF-4205-9B30-47FBED91F016}"
EndProject
Global
	GlobalSection(SolutionConfigurationPlatforms) = preSolution
		Debug|Any CPU = Debug|Any CPU
		Release|Any CPU = Release|Any CPU
	EndGlobalSection
	GlobalSection(ProjectConfigurationPlatforms) = postSolution
		{09210465-4FFF-4205-9B30-47FBED91F016}.Debug|Any CPU.ActiveCfg = Debug|Any CPU
		{09210465-4FFF-4205-9B30-47FBED91F016}.Release|Any CPU.ActiveCfg = Release|Any CPU
	EndGlobalSection
	GlobalSection(SolutionProperties) = preSolution
		HideSolutionNode = FALSE
	EndGlobalSection
	GlobalSection(ExtensibilityGlobals) = postSolution
		SolutionGuid = {CE00CEBC-C4E4-439D-8FBF-3B05B85490F0}
	EndGlobalSection
EndGlobal
